// !$*UTF8*$!
{
	archiveVersion = 1;
	classes = {
	};
	objectVersion = 77;
	objects = {

/* Begin PBXContainerItemProxy section */
		B1D5E6372D0DE27200E24C8C /* PBXContainerItemProxy */ = {
			isa = PBXContainerItemProxy;
			containerPortal = B1D5E6182D0DE26E00E24C8C /* Project object */;
			proxyType = 1;
			remoteGlobalIDString = B1D5E61F2D0DE26E00E24C8C;
			remoteInfo = TodoItem_VIPER;
		};
		B1D5E6412D0DE27200E24C8C /* PBXContainerItemProxy */ = {
			isa = PBXContainerItemProxy;
			containerPortal = B1D5E6182D0DE26E00E24C8C /* Project object */;
			proxyType = 1;
			remoteGlobalIDString = B1D5E61F2D0DE26E00E24C8C;
			remoteInfo = TodoItem_VIPER;
		};
/* End PBXContainerItemProxy section */

/* Begin PBXFileReference section */
		B1D5E6202D0DE26E00E24C8C /* TodoItem_VIPER.app */ = {isa = PBXFileReference; explicitFileType = wrapper.application; includeInIndex = 0; path = TodoItem_VIPER.app; sourceTree = BUILT_PRODUCTS_DIR; };
		B1D5E6362D0DE27200E24C8C /* TodoItem_VIPERTests.xctest */ = {isa = PBXFileReference; explicitFileType = wrapper.cfbundle; includeInIndex = 0; path = TodoItem_VIPERTests.xctest; sourceTree = BUILT_PRODUCTS_DIR; };
		B1D5E6402D0DE27200E24C8C /* TodoItem_VIPERUITests.xctest */ = {isa = PBXFileReference; explicitFileType = wrapper.cfbundle; includeInIndex = 0; path = TodoItem_VIPERUITests.xctest; sourceTree = BUILT_PRODUCTS_DIR; };
/* End PBXFileReference section */

/* Begin PBXFileSystemSynchronizedBuildFileExceptionSet section */
		B1D5E6482D0DE27200E24C8C /* Exceptions for "TodoItem_VIPER" folder in "TodoItem_VIPER" target */ = {
			isa = PBXFileSystemSynchronizedBuildFileExceptionSet;
			membershipExceptions = (
				Info.plist,
			);
			target = B1D5E61F2D0DE26E00E24C8C /* TodoItem_VIPER */;
		};
/* End PBXFileSystemSynchronizedBuildFileExceptionSet section */

/* Begin PBXFileSystemSynchronizedRootGroup section */
		B1D5E6222D0DE26E00E24C8C /* TodoItem_VIPER */ = {
			isa = PBXFileSystemSynchronizedRootGroup;
			exceptions = (
				B1D5E6482D0DE27200E24C8C /* Exceptions for "TodoItem_VIPER" folder in "TodoItem_VIPER" target */,
			);
			path = TodoItem_VIPER;
			sourceTree = "<group>";
		};
		B1D5E6392D0DE27200E24C8C /* TodoItem_VIPERTests */ = {
			isa = PBXFileSystemSynchronizedRootGroup;
			path = TodoItem_VIPERTests;
			sourceTree = "<group>";
		};
		B1D5E6432D0DE27200E24C8C /* TodoItem_VIPERUITests */ = {
			isa = PBXFileSystemSynchronizedRootGroup;
			path = TodoItem_VIPERUITests;
			sourceTree = "<group>";
		};
/* End PBXFileSystemSynchronizedRootGroup section */

/* Begin PBXFrameworksBuildPhase section */
		B1D5E61D2D0DE26E00E24C8C /* Frameworks */ = {
			isa = PBXFrameworksBuildPhase;
			buildActionMask = 2147483647;
			files = (
			);
			runOnlyForDeploymentPostprocessing = 0;
		};
		B1D5E6332D0DE27200E24C8C /* Frameworks */ = {
			isa = PBXFrameworksBuildPhase;
			buildActionMask = 2147483647;
			files = (
			);
			runOnlyForDeploymentPostprocessing = 0;
		};
		B1D5E63D2D0DE27200E24C8C /* Frameworks */ = {
			isa = PBXFrameworksBuildPhase;
			buildActionMask = 2147483647;
			files = (
			);
			runOnlyForDeploymentPostprocessing = 0;
		};
/* End PBXFrameworksBuildPhase section */

/* Begin PBXGroup section */
		B1D5E6172D0DE26E00E24C8C = {
			isa = PBXGroup;
			children = (
				B1D5E6222D0DE26E00E24C8C /* TodoItem_VIPER */,
				B1D5E6392D0DE27200E24C8C /* TodoItem_VIPERTests */,
				B1D5E6432D0DE27200E24C8C /* TodoItem_VIPERUITests */,
				B1D5E6212D0DE26E00E24C8C /* Products */,
			);
			sourceTree = "<group>";
		};
		B1D5E6212D0DE26E00E24C8C /* Products */ = {
			isa = PBXGroup;
			children = (
				B1D5E6202D0DE26E00E24C8C /* TodoItem_VIPER.app */,
				B1D5E6362D0DE27200E24C8C /* TodoItem_VIPERTests.xctest */,
				B1D5E6402D0DE27200E24C8C /* TodoItem_VIPERUITests.xctest */,
			);
			name = Products;
			sourceTree = "<group>";
		};
/* End PBXGroup section */

/* Begin PBXNativeTarget section */
		B1D5E61F2D0DE26E00E24C8C /* TodoItem_VIPER */ = {
			isa = PBXNativeTarget;
			buildConfigurationList = B1D5E6492D0DE27200E24C8C /* Build configuration list for PBXNativeTarget "TodoItem_VIPER" */;
			buildPhases = (
				B1D5E61C2D0DE26E00E24C8C /* Sources */,
				B1D5E61D2D0DE26E00E24C8C /* Frameworks */,
				B1D5E61E2D0DE26E00E24C8C /* Resources */,
			);
			buildRules = (
			);
			dependencies = (
			);
			fileSystemSynchronizedGroups = (
				B1D5E6222D0DE26E00E24C8C /* TodoItem_VIPER */,
			);
			name = TodoItem_VIPER;
			packageProductDependencies = (
			);
			productName = TodoItem_VIPER;
			productReference = B1D5E6202D0DE26E00E24C8C /* TodoItem_VIPER.app */;
			productType = "com.apple.product-type.application";
		};
		B1D5E6352D0DE27200E24C8C /* TodoItem_VIPERTests */ = {
			isa = PBXNativeTarget;
			buildConfigurationList = B1D5E64E2D0DE27200E24C8C /* Build configuration list for PBXNativeTarget "TodoItem_VIPERTests" */;
			buildPhases = (
				B1D5E6322D0DE27200E24C8C /* Sources */,
				B1D5E6332D0DE27200E24C8C /* Frameworks */,
				B1D5E6342D0DE27200E24C8C /* Resources */,
			);
			buildRules = (
			);
			dependencies = (
				B1D5E6382D0DE27200E24C8C /* PBXTargetDependency */,
			);
			fileSystemSynchronizedGroups = (
				B1D5E6392D0DE27200E24C8C /* TodoItem_VIPERTests */,
			);
			name = TodoItem_VIPERTests;
			packageProductDependencies = (
			);
			productName = TodoItem_VIPERTests;
			productReference = B1D5E6362D0DE27200E24C8C /* TodoItem_VIPERTests.xctest */;
			productType = "com.apple.product-type.bundle.unit-test";
		};
		B1D5E63F2D0DE27200E24C8C /* TodoItem_VIPERUITests */ = {
			isa = PBXNativeTarget;
			buildConfigurationList = B1D5E6512D0DE27200E24C8C /* Build configuration list for PBXNativeTarget "TodoItem_VIPERUITests" */;
			buildPhases = (
				B1D5E63C2D0DE27200E24C8C /* Sources */,
				B1D5E63D2D0DE27200E24C8C /* Frameworks */,
				B1D5E63E2D0DE27200E24C8C /* Resources */,
			);
			buildRules = (
			);
			dependencies = (
				B1D5E6422D0DE27200E24C8C /* PBXTargetDependency */,
			);
			fileSystemSynchronizedGroups = (
				B1D5E6432D0DE27200E24C8C /* TodoItem_VIPERUITests */,
			);
			name = TodoItem_VIPERUITests;
			packageProductDependencies = (
			);
			productName = TodoItem_VIPERUITests;
			productReference = B1D5E6402D0DE27200E24C8C /* TodoItem_VIPERUITests.xctest */;
			productType = "com.apple.product-type.bundle.ui-testing";
		};
/* End PBXNativeTarget section */

/* Begin PBXProject section */
		B1D5E6182D0DE26E00E24C8C /* Project object */ = {
			isa = PBXProject;
			attributes = {
				BuildIndependentTargetsInParallel = 1;
				LastSwiftUpdateCheck = 1610;
				LastUpgradeCheck = 1610;
				TargetAttributes = {
					B1D5E61F2D0DE26E00E24C8C = {
						CreatedOnToolsVersion = 16.1;
					};
					B1D5E6352D0DE27200E24C8C = {
						CreatedOnToolsVersion = 16.1;
						TestTargetID = B1D5E61F2D0DE26E00E24C8C;
					};
					B1D5E63F2D0DE27200E24C8C = {
						CreatedOnToolsVersion = 16.1;
						TestTargetID = B1D5E61F2D0DE26E00E24C8C;
					};
				};
			};
			buildConfigurationList = B1D5E61B2D0DE26E00E24C8C /* Build configuration list for PBXProject "TodoItem_VIPER" */;
			developmentRegion = en;
			hasScannedForEncodings = 0;
			knownRegions = (
				en,
				Base,
			);
			mainGroup = B1D5E6172D0DE26E00E24C8C;
			minimizedProjectReferenceProxies = 1;
			preferredProjectObjectVersion = 77;
			productRefGroup = B1D5E6212D0DE26E00E24C8C /* Products */;
			projectDirPath = "";
			projectRoot = "";
			targets = (
				B1D5E61F2D0DE26E00E24C8C /* TodoItem_VIPER */,
				B1D5E6352D0DE27200E24C8C /* TodoItem_VIPERTests */,
				B1D5E63F2D0DE27200E24C8C /* TodoItem_VIPERUITests */,
			);
		};
/* End PBXProject section */

/* Begin PBXResourcesBuildPhase section */
		B1D5E61E2D0DE26E00E24C8C /* Resources */ = {
			isa = PBXResourcesBuildPhase;
			buildActionMask = 2147483647;
			files = (
			);
			runOnlyForDeploymentPostprocessing = 0;
		};
		B1D5E6342D0DE27200E24C8C /* Resources */ = {
			isa = PBXResourcesBuildPhase;
			buildActionMask = 2147483647;
			files = (
			);
			runOnlyForDeploymentPostprocessing = 0;
		};
		B1D5E63E2D0DE27200E24C8C /* Resources */ = {
			isa = PBXResourcesBuildPhase;
			buildActionMask = 2147483647;
			files = (
			);
			runOnlyForDeploymentPostprocessing = 0;
		};
/* End PBXResourcesBuildPhase section */

/* Begin PBXSourcesBuildPhase section */
		B1D5E61C2D0DE26E00E24C8C /* Sources */ = {
			isa = PBXSourcesBuildPhase;
			buildActionMask = 2147483647;
			files = (
			);
			runOnlyForDeploymentPostprocessing = 0;
		};
		B1D5E6322D0DE27200E24C8C /* Sources */ = {
			isa = PBXSourcesBuildPhase;
			buildActionMask = 2147483647;
			files = (
			);
			runOnlyForDeploymentPostprocessing = 0;
		};
		B1D5E63C2D0DE27200E24C8C /* Sources */ = {
			isa = PBXSourcesBuildPhase;
			buildActionMask = 2147483647;
			files = (
			);
			runOnlyForDeploymentPostprocessing = 0;
		};
/* End PBXSourcesBuildPhase section */

/* Begin PBXTargetDependency section */
		B1D5E6382D0DE27200E24C8C /* PBXTargetDependency */ = {
			isa = PBXTargetDependency;
			target = B1D5E61F2D0DE26E00E24C8C /* TodoItem_VIPER */;
			targetProxy = B1D5E6372D0DE27200E24C8C /* PBXContainerItemProxy */;
		};
		B1D5E6422D0DE27200E24C8C /* PBXTargetDependency */ = {
			isa = PBXTargetDependency;
			target = B1D5E61F2D0DE26E00E24C8C /* TodoItem_VIPER */;
			targetProxy = B1D5E6412D0DE27200E24C8C /* PBXContainerItemProxy */;
		};
/* End PBXTargetDependency section */

/* Begin XCBuildConfiguration section */
		B1D5E64A2D0DE27200E24C8C /* Debug */ = {
			isa = XCBuildConfiguration;
			buildSettings = {
				ASSETCATALOG_COMPILER_APPICON_NAME = AppIcon;
				ASSETCATALOG_COMPILER_GLOBAL_ACCENT_COLOR_NAME = AccentColor;
				CODE_SIGN_STYLE = Automatic;
				CURRENT_PROJECT_VERSION = 1;
				DEVELOPMENT_TEAM = Q4WH2ZZWCT;
				GENERATE_INFOPLIST_FILE = YES;
				INFOPLIST_FILE = TodoItem_VIPER/Info.plist;
				INFOPLIST_KEY_UIApplicationSupportsIndirectInputEvents = YES;
				INFOPLIST_KEY_UILaunchStoryboardName = LaunchScreen;
				INFOPLIST_KEY_UIMainStoryboardFile = Main;
				INFOPLIST_KEY_UISupportedInterfaceOrientations_iPad = "UIInterfaceOrientationPortrait UIInterfaceOrientationPortraitUpsideDown UIInterfaceOrientationLandscapeLeft UIInterfaceOrientationLandscapeRight";
				INFOPLIST_KEY_UISupportedInterfaceOrientations_iPhone = "UIInterfaceOrientationPortrait UIInterfaceOrientationLandscapeLeft UIInterfaceOrientationLandscapeRight";
				LD_RUNPATH_SEARCH_PATHS = (
					"$(inherited)",
					"@executable_path/Frameworks",
				);
				MARKETING_VERSION = 1.0;
				PRODUCT_BUNDLE_IDENTIFIER = "com.siddharthkothari.TodoItem-VIPER";
				PRODUCT_NAME = "$(TARGET_NAME)";
				SWIFT_EMIT_LOC_STRINGS = YES;
				SWIFT_VERSION = 5.0;
				TARGETED_DEVICE_FAMILY = "1,2";
			};
			name = Debug;
		};
		B1D5E64B2D0DE27200E24C8C /* Release */ = {
			isa = XCBuildConfiguration;
			buildSettings = {
				ASSETCATALOG_COMPILER_APPICON_NAME = AppIcon;
				ASSETCATALOG_COMPILER_GLOBAL_ACCENT_COLOR_NAME = AccentColor;
				CODE_SIGN_STYLE = Automatic;
				CURRENT_PROJECT_VERSION = 1;
				DEVELOPMENT_TEAM = Q4WH2ZZWCT;
				GENERATE_INFOPLIST_FILE = YES;
				INFOPLIST_FILE = TodoItem_VIPER/Info.plist;
				INFOPLIST_KEY_UIApplicationSupportsIndirectInputEvents = YES;
				INFOPLIST_KEY_UILaunchStoryboardName = LaunchScreen;
				INFOPLIST_KEY_UIMainStoryboardFile = Main;
				INFOPLIST_KEY_UISupportedInterfaceOrientations_iPad = "UIInterfaceOrientationPortrait UIInterfaceOrientationPortraitUpsideDown UIInterfaceOrientationLandscapeLeft UIInterfaceOrientationLandscapeRight";
				INFOPLIST_KEY_UISupportedInterfaceOrientations_iPhone = "UIInterfaceOrientationPortrait UIInterfaceOrientationLandscapeLeft UIInterfaceOrientationLandscapeRight";
				LD_RUNPATH_SEARCH_PATHS = (
					"$(inherited)",
					"@executable_path/Frameworks",
				);
				MARKETING_VERSION = 1.0;
				PRODUCT_BUNDLE_IDENTIFIER = "com.siddharthkothari.TodoItem-VIPER";
				PRODUCT_NAME = "$(TARGET_NAME)";
				SWIFT_EMIT_LOC_STRINGS = YES;
				SWIFT_VERSION = 5.0;
				TARGETED_DEVICE_FAMILY = "1,2";
			};
			name = Release;
		};
		B1D5E64C2D0DE27200E24C8C /* Debug */ = {
			isa = XCBuildConfiguration;
			buildSettings = {
				ALWAYS_SEARCH_USER_PATHS = NO;
				ASSETCATALOG_COMPILER_GENERATE_SWIFT_ASSET_SYMBOL_EXTENSIONS = YES;
				CLANG_ANALYZER_NONNULL = YES;
				CLANG_ANALYZER_NUMBER_OBJECT_CONVERSION = YES_AGGRESSIVE;
				CLANG_CXX_LANGUAGE_STANDARD = "gnu++20";
				CLANG_ENABLE_MODULES = YES;
				CLANG_ENABLE_OBJC_ARC = YES;
				CLANG_ENABLE_OBJC_WEAK = YES;
				CLANG_WARN_BLOCK_CAPTURE_AUTORELEASING = YES;
				CLANG_WARN_BOOL_CONVERSION = YES;
				CLANG_WARN_COMMA = YES;
				CLANG_WARN_CONSTANT_CONVERSION = YES;
				CLANG_WARN_DEPRECATED_OBJC_IMPLEMENTATIONS = YES;
				CLANG_WARN_DIRECT_OBJC_ISA_USAGE = YES_ERROR;
				CLANG_WARN_DOCUMENTATION_COMMENTS = YES;
				CLANG_WARN_EMPTY_BODY = YES;
				CLANG_WARN_ENUM_CONVERSION = YES;
				CLANG_WARN_INFINITE_RECURSION = YES;
				CLANG_WARN_INT_CONVERSION = YES;
				CLANG_WARN_NON_LITERAL_NULL_CONVERSION = YES;
				CLANG_WARN_OBJC_IMPLICIT_RETAIN_SELF = YES;
				CLANG_WARN_OBJC_LITERAL_CONVERSION = YES;
				CLANG_WARN_OBJC_ROOT_CLASS = YES_ERROR;
				CLANG_WARN_QUOTED_INCLUDE_IN_FRAMEWORK_HEADER = YES;
				CLANG_WARN_RANGE_LOOP_ANALYSIS = YES;
				CLANG_WARN_STRICT_PROTOTYPES = YES;
				CLANG_WARN_SUSPICIOUS_MOVE = YES;
				CLANG_WARN_UNGUARDED_AVAILABILITY = YES_AGGRESSIVE;
				CLANG_WARN_UNREACHABLE_CODE = YES;
				CLANG_WARN__DUPLICATE_METHOD_MATCH = YES;
				COPY_PHASE_STRIP = NO;
				DEBUG_INFORMATION_FORMAT = dwarf;
				ENABLE_STRICT_OBJC_MSGSEND = YES;
				ENABLE_TESTABILITY = YES;
				ENABLE_USER_SCRIPT_SANDBOXING = YES;
				GCC_C_LANGUAGE_STANDARD = gnu17;
				GCC_DYNAMIC_NO_PIC = NO;
				GCC_NO_COMMON_BLOCKS = YES;
				GCC_OPTIMIZATION_LEVEL = 0;
				GCC_PREPROCESSOR_DEFINITIONS = (
					"DEBUG=1",
					"$(inherited)",
				);
				GCC_WARN_64_TO_32_BIT_CONVERSION = YES;
				GCC_WARN_ABOUT_RETURN_TYPE = YES_ERROR;
				GCC_WARN_UNDECLARED_SELECTOR = YES;
				GCC_WARN_UNINITIALIZED_AUTOS = YES_AGGRESSIVE;
				GCC_WARN_UNUSED_FUNCTION = YES;
				GCC_WARN_UNUSED_VARIABLE = YES;
				IPHONEOS_DEPLOYMENT_TARGET = 18.1;
				LOCALIZATION_PREFERS_STRING_CATALOGS = YES;
				MTL_ENABLE_DEBUG_INFO = INCLUDE_SOURCE;
				MTL_FAST_MATH = YES;
				ONLY_ACTIVE_ARCH = YES;
				SDKROOT = iphoneos;
				SWIFT_ACTIVE_COMPILATION_CONDITIONS = "DEBUG $(inherited)";
				SWIFT_OPTIMIZATION_LEVEL = "-Onone";
			};
			name = Debug;
		};
		B1D5E64D2D0DE27200E24C8C /* Release */ = {
			isa = XCBuildConfiguration;
			buildSettings = {
				ALWAYS_SEARCH_USER_PATHS = NO;
				ASSETCATALOG_COMPILER_GENERATE_SWIFT_ASSET_SYMBOL_EXTENSIONS = YES;
				CLANG_ANALYZER_NONNULL = YES;
				CLANG_ANALYZER_NUMBER_OBJECT_CONVERSION = YES_AGGRESSIVE;
				CLANG_CXX_LANGUAGE_STANDARD = "gnu++20";
				CLANG_ENABLE_MODULES = YES;
				CLANG_ENABLE_OBJC_ARC = YES;
				CLANG_ENABLE_OBJC_WEAK = YES;
				CLANG_WARN_BLOCK_CAPTURE_AUTORELEASING = YES;
				CLANG_WARN_BOOL_CONVERSION = YES;
				CLANG_WARN_COMMA = YES;
				CLANG_WARN_CONSTANT_CONVERSION = YES;
				CLANG_WARN_DEPRECATED_OBJC_IMPLEMENTATIONS = YES;
				CLANG_WARN_DIRECT_OBJC_ISA_USAGE = YES_ERROR;
				CLANG_WARN_DOCUMENTATION_COMMENTS = YES;
				CLANG_WARN_EMPTY_BODY = YES;
				CLANG_WARN_ENUM_CONVERSION = YES;
				CLANG_WARN_INFINITE_RECURSION = YES;
				CLANG_WARN_INT_CONVERSION = YES;
				CLANG_WARN_NON_LITERAL_NULL_CONVERSION = YES;
				CLANG_WARN_OBJC_IMPLICIT_RETAIN_SELF = YES;
				CLANG_WARN_OBJC_LITERAL_CONVERSION = YES;
				CLANG_WARN_OBJC_ROOT_CLASS = YES_ERROR;
				CLANG_WARN_QUOTED_INCLUDE_IN_FRAMEWORK_HEADER = YES;
				CLANG_WARN_RANGE_LOOP_ANALYSIS = YES;
				CLANG_WARN_STRICT_PROTOTYPES = YES;
				CLANG_WARN_SUSPICIOUS_MOVE = YES;
				CLANG_WARN_UNGUARDED_AVAILABILITY = YES_AGGRESSIVE;
				CLANG_WARN_UNREACHABLE_CODE = YES;
				CLANG_WARN__DUPLICATE_METHOD_MATCH = YES;
				COPY_PHASE_STRIP = NO;
				DEBUG_INFORMATION_FORMAT = "dwarf-with-dsym";
				ENABLE_NS_ASSERTIONS = NO;
				ENABLE_STRICT_OBJC_MSGSEND = YES;
				ENABLE_USER_SCRIPT_SANDBOXING = YES;
				GCC_C_LANGUAGE_STANDARD = gnu17;
				GCC_NO_COMMON_BLOCKS = YES;
				GCC_WARN_64_TO_32_BIT_CONVERSION = YES;
				GCC_WARN_ABOUT_RETURN_TYPE = YES_ERROR;
				GCC_WARN_UNDECLARED_SELECTOR = YES;
				GCC_WARN_UNINITIALIZED_AUTOS = YES_AGGRESSIVE;
				GCC_WARN_UNUSED_FUNCTION = YES;
				GCC_WARN_UNUSED_VARIABLE = YES;
				IPHONEOS_DEPLOYMENT_TARGET = 18.1;
				LOCALIZATION_PREFERS_STRING_CATALOGS = YES;
				MTL_ENABLE_DEBUG_INFO = NO;
				MTL_FAST_MATH = YES;
				SDKROOT = iphoneos;
				SWIFT_COMPILATION_MODE = wholemodule;
				VALIDATE_PRODUCT = YES;
			};
			name = Release;
		};
		B1D5E64F2D0DE27200E24C8C /* Debug */ = {
			isa = XCBuildConfiguration;
			buildSettings = {
				BUNDLE_LOADER = "$(TEST_HOST)";
				CODE_SIGN_STYLE = Automatic;
				CURRENT_PROJECT_VERSION = 1;
				DEVELOPMENT_TEAM = Q4WH2ZZWCT;
				GENERATE_INFOPLIST_FILE = YES;
				IPHONEOS_DEPLOYMENT_TARGET = 18.1;
				MARKETING_VERSION = 1.0;
				PRODUCT_BUNDLE_IDENTIFIER = "com.siddharthkothari.TodoItem-VIPERTests";
				PRODUCT_NAME = "$(TARGET_NAME)";
				SWIFT_EMIT_LOC_STRINGS = NO;
				SWIFT_VERSION = 5.0;
				TARGETED_DEVICE_FAMILY = "1,2";
				TEST_HOST = "$(BUILT_PRODUCTS_DIR)/TodoItem_VIPER.app/$(BUNDLE_EXECUTABLE_FOLDER_PATH)/TodoItem_VIPER";
			};
			name = Debug;
		};
		B1D5E6502D0DE27200E24C8C /* Release */ = {
			isa = XCBuildConfiguration;
			buildSettings = {
				BUNDLE_LOADER = "$(TEST_HOST)";
				CODE_SIGN_STYLE = Automatic;
				CURRENT_PROJECT_VERSION = 1;
				DEVELOPMENT_TEAM = Q4WH2ZZWCT;
				GENERATE_INFOPLIST_FILE = YES;
				IPHONEOS_DEPLOYMENT_TARGET = 18.1;
				MARKETING_VERSION = 1.0;
				PRODUCT_BUNDLE_IDENTIFIER = "com.siddharthkothari.TodoItem-VIPERTests";
				PRODUCT_NAME = "$(TARGET_NAME)";
				SWIFT_EMIT_LOC_STRINGS = NO;
				SWIFT_VERSION = 5.0;
				TARGETED_DEVICE_FAMILY = "1,2";
				TEST_HOST = "$(BUILT_PRODUCTS_DIR)/TodoItem_VIPER.app/$(BUNDLE_EXECUTABLE_FOLDER_PATH)/TodoItem_VIPER";
			};
			name = Release;
		};
		B1D5E6522D0DE27200E24C8C /* Debug */ = {
			isa = XCBuildConfiguration;
			buildSettings = {
				CODE_SIGN_STYLE = Automatic;
				CURRENT_PROJECT_VERSION = 1;
				DEVELOPMENT_TEAM = Q4WH2ZZWCT;
				GENERATE_INFOPLIST_FILE = YES;
				MARKETING_VERSION = 1.0;
				PRODUCT_BUNDLE_IDENTIFIER = "com.siddharthkothari.TodoItem-VIPERUITests";
				PRODUCT_NAME = "$(TARGET_NAME)";
				SWIFT_EMIT_LOC_STRINGS = NO;
				SWIFT_VERSION = 5.0;
				TARGETED_DEVICE_FAMILY = "1,2";
				TEST_TARGET_NAME = TodoItem_VIPER;
			};
			name = Debug;
		};
		B1D5E6532D0DE27200E24C8C /* Release */ = {
			isa = XCBuildConfiguration;
			buildSettings = {
				CODE_SIGN_STYLE = Automatic;
				CURRENT_PROJECT_VERSION = 1;
				DEVELOPMENT_TEAM = Q4WH2ZZWCT;
				GENERATE_INFOPLIST_FILE = YES;
				MARKETING_VERSION = 1.0;
				PRODUCT_BUNDLE_IDENTIFIER = "com.siddharthkothari.TodoItem-VIPERUITests";
				PRODUCT_NAME = "$(TARGET_NAME)";
				SWIFT_EMIT_LOC_STRINGS = NO;
				SWIFT_VERSION = 5.0;
				TARGETED_DEVICE_FAMILY = "1,2";
				TEST_TARGET_NAME = TodoItem_VIPER;
			};
			name = Release;
		};
/* End XCBuildConfiguration section */

/* Begin XCConfigurationList section */
		B1D5E61B2D0DE26E00E24C8C /* Build configuration list for PBXProject "TodoItem_VIPER" */ = {
			isa = XCConfigurationList;
			buildConfigurations = (
				B1D5E64C2D0DE27200E24C8C /* Debug */,
				B1D5E64D2D0DE27200E24C8C /* Release */,
			);
			defaultConfigurationIsVisible = 0;
			defaultConfigurationName = Release;
		};
		B1D5E6492D0DE27200E24C8C /* Build configuration list for PBXNativeTarget "TodoItem_VIPER" */ = {
			isa = XCConfigurationList;
			buildConfigurations = (
				B1D5E64A2D0DE27200E24C8C /* Debug */,
				B1D5E64B2D0DE27200E24C8C /* Release */,
			);
			defaultConfigurationIsVisible = 0;
			defaultConfigurationName = Release;
		};
		B1D5E64E2D0DE27200E24C8C /* Build configuration list for PBXNativeTarget "TodoItem_VIPERTests" */ = {
			isa = XCConfigurationList;
			buildConfigurations = (
				B1D5E64F2D0DE27200E24C8C /* Debug */,
				B1D5E6502D0DE27200E24C8C /* Release */,
			);
			defaultConfigurationIsVisible = 0;
			defaultConfigurationName = Release;
		};
		B1D5E6512D0DE27200E24C8C /* Build configuration list for PBXNativeTarget "TodoItem_VIPERUITests" */ = {
			isa = XCConfigurationList;
			buildConfigurations = (
				B1D5E6522D0DE27200E24C8C /* Debug */,
				B1D5E6532D0DE27200E24C8C /* Release */,
			);
			defaultConfigurationIsVisible = 0;
			defaultConfigurationName = Release;
		};
/* End XCConfigurationList section */
	};
	rootObject = B1D5E6182D0DE26E00E24C8C /* Project object */;
}
